Microsoft Visual Studio Solution File, Format Version 12.00
# Visual Studio Version 17
VisualStudioVersion = 17.5.2.0
MinimumVisualStudioVersion = 10.0.40219.1
Project("{FAE04EC0-301F-11D3-BF4B-00C04F79EFBC}") = "filbehandling_og_jasonserializer", "filbehandling_og_jasonserializer.csproj", "{E43E2D2B-31D4-F8D8-8999-B087D6EE1578}"
EndProject
Global
	GlobalSection(SolutionConfigurationPlatforms) = preSolution
		Debug|Any CPU = Debug|Any CPU
		Release|Any CPU = Release|Any CPU
	EndGlobalSection
	GlobalSection(ProjectConfigurationPlatforms) = postSolution
		{E43E2D2B-31D4-F8D8-8999-B087D6EE1578}.Debug|Any CPU.ActiveCfg = Debug|Any CPU
		{E43E2D2B-31D4-F8D8-8999-B087D6EE1578}.Debug|Any CPU.Build.0 = Debug|Any CPU
		{E43E2D2B-31D4-F8D8-8999-B087D6EE1578}.Release|Any CPU.ActiveCfg = Release|Any CPU
		{E43E2D2B-31D4-F8D8-8999-B087D6EE1578}.Release|Any CPU.Build.0 = Release|Any CPU
	EndGlobalSection
	GlobalSection(SolutionProperties) = preSolution
		HideSolutionNode = FALSE
	EndGlobalSection
	GlobalSection(ExtensibilityGlobals) = postSolution
		SolutionGuid = {4E07296B-DF72-48A7-A20B-34513D792D53}
	EndGlobalSection
EndGlobal
